
Microsoft Visual Studio Solution File, Format Version 12.00
# Visual Studio Version 16
VisualStudioVersion = 16.0.29911.84
MinimumVisualStudioVersion = 10.0.40219.1
Project("{9A19103F-16F7-4668-BE54-9A1E7A4F7556}") = "MutualFriends", "MutualFriends.csproj", "{72202698-7B89-4D21-BDCD-C01FD425D781}"
EndProject
Global
	GlobalSection(SolutionConfigurationPlatforms) = preSolution
		Debug|Any CPU = Debug|Any CPU
		Release|Any CPU = Release|Any CPU
	EndGlobalSection
	GlobalSection(ProjectConfigurationPlatforms) = postSolution
		{72202698-7B89-4D21-BDCD-C01FD425D781}.Debug|Any CPU.ActiveCfg = Debug|Any CPU
		{72202698-7B89-4D21-BDCD-C01FD425D781}.Debug|Any CPU.Build.0 = Debug|Any CPU
		{72202698-7B89-4D21-BDCD-C01FD425D781}.Release|Any CPU.ActiveCfg = Release|Any CPU
		{72202698-7B89-4D21-BDCD-C01FD425D781}.Release|Any CPU.Build.0 = Release|Any CPU
	EndGlobalSection
	GlobalSection(SolutionProperties) = preSolution
		HideSolutionNode = FALSE
	EndGlobalSection
	GlobalSection(ExtensibilityGlobals) = postSolution
		SolutionGuid = {8BB752C4-33C0-4546-A99C-819778B0B50E}
	EndGlobalSection
EndGlobal
